<?xml version="1.0" encoding="utf-8"?>
<Project ToolsVersion="4.0" xmlns="http://schemas.microsoft.com/developer/msbuild/2003">
  <ItemGroup>
    <Filter Include="Source Files">
      <UniqueIdentifier>{859842d2-11e3-4eb6-b102-3f243f045194}</UniqueIdentifier>
      <Extensions>c;cpp;cxx;def</Extensions>
    </Filter>
    <Filter Include="Header Files">
      <UniqueIdentifier>{2da9f7ae-1dbe-4bab-8021-e8d9bb9c5e88}</UniqueIdentifier>
      <Extensions>h;hpp;hxx</Extensions>
    </Filter>
    <Filter Include="Resource Files">
      <UniqueIdentifier>{8e3036f5-96a0-464a-a179-df270113f8a4}</UniqueIdentifier>
      <Extensions>rc;rc2;ico;rgs;bmp</Extensions>
    </Filter>
  </ItemGroup>
  <ItemGroup>
    <Text Include="readme.txt" />
  </ItemGroup>
  <ItemGroup>
    <ClInclude Include="Signature.h">
      <Filter>Header Files</Filter>
    </ClInclude>
    <ClInclude Include="StdAfx.h">
      <Filter>Header Files</Filter>
    </ClInclude>
    <ClInclude Include="resource.h">
      <Filter>Header Files</Filter>
    </ClInclude>
    <ClInclude Include="LightSensor.h">
      <Filter>Header Files</Filter>
    </ClInclude>
    <ClInclude Include="IRSensor.h">
      <Filter>Header Files</Filter>
    </ClInclude>
    <ClInclude Include="Accellerometer.h">
      <Filter>Header Files</Filter>
    </ClInclude>
    <ClInclude Include="SMA.h">
      <Filter>Header Files</Filter>
    </ClInclude>
    <ClInclude Include="StringFromSerial.h">
      <Filter>Header Files</Filter>
    </ClInclude>
  </ItemGroup>
  <ItemGroup>
    <ClCompile Include="Signature.cpp">
      <Filter>Source Files</Filter>
    </ClCompile>
    <ClCompile Include="LASG.cpp">
      <Filter>Source Files</Filter>
    </ClCompile>
    <ClCompile Include="StdAfx.cpp">
      <Filter>Source Files</Filter>
    </ClCompile>
    <ClCompile Include="LightSensor.cpp">
      <Filter>Source Files</Filter>
    </ClCompile>
    <ClCompile Include="IRSensor.cpp">
      <Filter>Source Files</Filter>
    </ClCompile>
    <ClCompile Include="Accellerometer.cpp">
      <Filter>Source Files</Filter>
    </ClCompile>
    <ClCompile Include="SMA.cpp">
      <Filter>Source Files</Filter>
    </ClCompile>
    <ClCompile Include="StringFromSerial.cpp">
      <Filter>Source Files</Filter>
    </ClCompile>
  </ItemGroup>
  <ItemGroup>
    <None Include="LASG.def">
      <Filter>Source Files</Filter>
    </None>
  </ItemGroup>
  <ItemGroup>
    <ResourceCompile Include="LASG.rc">
      <Filter>Resource Files</Filter>
    </ResourceCompile>
  </ItemGroup>
  <ItemGroup>
    <Image Include="res\LASG.bmp">
      <Filter>Resource Files</Filter>
    </Image>
    <Image Include="res\LightSensor.bmp">
      <Filter>Resource Files</Filter>
    </Image>
    <Image Include="res\IRSensor.bmp">
      <Filter>Resource Files</Filter>
    </Image>
    <Image Include="res\Accellerometer.bmp">
      <Filter>Resource Files</Filter>
    </Image>
    <Image Include="res\SMA.bmp">
      <Filter>Resource Files</Filter>
    </Image>
    <Image Include="res\bmp00001.bmp">
      <Filter>Resource Files</Filter>
    </Image>
    <Image Include="res\string_from_serial.bmp">
      <Filter>Resource Files</Filter>
    </Image>
  </ItemGroup>
</Project>